
Microsoft Visual Studio Solution File, Format Version 12.00
# Visual Studio Version 16
VisualStudioVersion = 16.0.31702.278
MinimumVisualStudioVersion = 10.0.40219.1
Project("{FAE04EC0-301F-11D3-BF4B-00C04F79EFBC}") = "XamarinClient.Android", "XamarinClient\XamarinClient.Android\XamarinClient.Android.csproj", "{20F438F6-660C-4DE4-ACA5-4133F8F0B7AF}"
EndProject
Project("{FAE04EC0-301F-11D3-BF4B-00C04F79EFBC}") = "XamarinClient.iOS", "XamarinClient\XamarinClient.iOS\XamarinClient.iOS.csproj", "{8EC5875D-47E0-44FB-BF63-B3E14ACA63EF}"
EndProject
Project("{9A19103F-16F7-4668-BE54-9A1E7A4F7556}") = "XamarinClient", "XamarinClient\XamarinClient\XamarinClient.csproj", "{83CFC727-E142-44CF-AB33-A04FF8A501BE}"
EndProject
Project("{FAE04EC0-301F-11D3-BF4B-00C04F79EFBC}") = "MinhMVC", "..\..\..\..\20211\Lap_trinh_ung_dung_di_dong\MinhMVC\MinhMVCFinal\MinhMVCFinal\MinhMVC\MinhMVC.csproj", "{B6AAF00F-1C09-498B-AF29-E4CA1C251979}"
EndProject
Global
	GlobalSection(SolutionConfigurationPlatforms) = preSolution
		Debug|Any CPU = Debug|Any CPU
		Debug|iPhone = Debug|iPhone
		Debug|iPhoneSimulator = Debug|iPhoneSimulator
		Release|Any CPU = Release|Any CPU
		Release|iPhone = Release|iPhone
		Release|iPhoneSimulator = Release|iPhoneSimulator
	EndGlobalSection
	GlobalSection(ProjectConfigurationPlatforms) = postSolution
		{20F438F6-660C-4DE4-ACA5-4133F8F0B7AF}.Debug|Any CPU.ActiveCfg = Debug|Any CPU
		{20F438F6-660C-4DE4-ACA5-4133F8F0B7AF}.Debug|Any CPU.Build.0 = Debug|Any CPU
		{20F438F6-660C-4DE4-ACA5-4133F8F0B7AF}.Debug|Any CPU.Deploy.0 = Debug|Any CPU
		{20F438F6-660C-4DE4-ACA5-4133F8F0B7AF}.Debug|iPhone.ActiveCfg = Debug|Any CPU
		{20F438F6-660C-4DE4-ACA5-4133F8F0B7AF}.Debug|iPhone.Build.0 = Debug|Any CPU
		{20F438F6-660C-4DE4-ACA5-4133F8F0B7AF}.Debug|iPhone.Deploy.0 = Debug|Any CPU
		{20F438F6-660C-4DE4-ACA5-4133F8F0B7AF}.Debug|iPhoneSimulator.ActiveCfg = Debug|Any CPU
		{20F438F6-660C-4DE4-ACA5-4133F8F0B7AF}.Debug|iPhoneSimulator.Build.0 = Debug|Any CPU
		{20F438F6-660C-4DE4-ACA5-4133F8F0B7AF}.Debug|iPhoneSimulator.Deploy.0 = Debug|Any CPU
		{20F438F6-660C-4DE4-ACA5-4133F8F0B7AF}.Release|Any CPU.ActiveCfg = Release|Any CPU
		{20F438F6-660C-4DE4-ACA5-4133F8F0B7AF}.Release|Any CPU.Build.0 = Release|Any CPU
		{20F438F6-660C-4DE4-ACA5-4133F8F0B7AF}.Release|Any CPU.Deploy.0 = Release|Any CPU
		{20F438F6-660C-4DE4-ACA5-4133F8F0B7AF}.Release|iPhone.ActiveCfg = Release|Any CPU
		{20F438F6-660C-4DE4-ACA5-4133F8F0B7AF}.Release|iPhone.Build.0 = Release|Any CPU
		{20F438F6-660C-4DE4-ACA5-4133F8F0B7AF}.Release|iPhone.Deploy.0 = Release|Any CPU
		{20F438F6-660C-4DE4-ACA5-4133F8F0B7AF}.Release|iPhoneSimulator.ActiveCfg = Release|Any CPU
		{20F438F6-660C-4DE4-ACA5-4133F8F0B7AF}.Release|iPhoneSimulator.Build.0 = Release|Any CPU
		{20F438F6-660C-4DE4-ACA5-4133F8F0B7AF}.Release|iPhoneSimulator.Deploy.0 = Release|Any CPU
		{8EC5875D-47E0-44FB-BF63-B3E14ACA63EF}.Debug|Any CPU.ActiveCfg = Debug|iPhone
		{8EC5875D-47E0-44FB-BF63-B3E14ACA63EF}.Debug|Any CPU.Build.0 = Debug|iPhone
		{8EC5875D-47E0-44FB-BF63-B3E14ACA63EF}.Debug|Any CPU.Deploy.0 = Debug|iPhone
		{8EC5875D-47E0-44FB-BF63-B3E14ACA63EF}.Debug|iPhone.ActiveCfg = Debug|iPhone
		{8EC5875D-47E0-44FB-BF63-B3E14ACA63EF}.Debug|iPhone.Build.0 = Debug|iPhone
		{8EC5875D-47E0-44FB-BF63-B3E14ACA63EF}.Debug|iPhone.Deploy.0 = Debug|iPhone
		{8EC5875D-47E0-44FB-BF63-B3E14ACA63EF}.Debug|iPhoneSimulator.ActiveCfg = Debug|iPhoneSimulator
		{8EC5875D-47E0-44FB-BF63-B3E14ACA63EF}.Debug|iPhoneSimulator.Build.0 = Debug|iPhoneSimulator
		{8EC5875D-47E0-44FB-BF63-B3E14ACA63EF}.Debug|iPhoneSimulator.Deploy.0 = Debug|iPhoneSimulator
		{8EC5875D-47E0-44FB-BF63-B3E14ACA63EF}.Release|Any CPU.ActiveCfg = Release|iPhoneSimulator
		{8EC5875D-47E0-44FB-BF63-B3E14ACA63EF}.Release|Any CPU.Build.0 = Release|iPhoneSimulator
		{8EC5875D-47E0-44FB-BF63-B3E14ACA63EF}.Release|Any CPU.Deploy.0 = Release|iPhoneSimulator
		{8EC5875D-47E0-44FB-BF63-B3E14ACA63EF}.Release|iPhone.ActiveCfg = Release|iPhone
		{8EC5875D-47E0-44FB-BF63-B3E14ACA63EF}.Release|iPhone.Build.0 = Release|iPhone
		{8EC5875D-47E0-44FB-BF63-B3E14ACA63EF}.Release|iPhone.Deploy.0 = Release|iPhone
		{8EC5875D-47E0-44FB-BF63-B3E14ACA63EF}.Release|iPhoneSimulator.ActiveCfg = Release|iPhoneSimulator
		{8EC5875D-47E0-44FB-BF63-B3E14ACA63EF}.Release|iPhoneSimulator.Build.0 = Release|iPhoneSimulator
		{8EC5875D-47E0-44FB-BF63-B3E14ACA63EF}.Release|iPhoneSimulator.Deploy.0 = Release|iPhoneSimulator
		{83CFC727-E142-44CF-AB33-A04FF8A501BE}.Debug|Any CPU.ActiveCfg = Debug|Any CPU
		{83CFC727-E142-44CF-AB33-A04FF8A501BE}.Debug|Any CPU.Build.0 = Debug|Any CPU
		{83CFC727-E142-44CF-AB33-A04FF8A501BE}.Debug|Any CPU.Deploy.0 = Debug|Any CPU
		{83CFC727-E142-44CF-AB33-A04FF8A501BE}.Debug|iPhone.ActiveCfg = Debug|Any CPU
		{83CFC727-E142-44CF-AB33-A04FF8A501BE}.Debug|iPhone.Build.0 = Debug|Any CPU
		{83CFC727-E142-44CF-AB33-A04FF8A501BE}.Debug|iPhone.Deploy.0 = Debug|Any CPU
		{83CFC727-E142-44CF-AB33-A04FF8A501BE}.Debug|iPhoneSimulator.ActiveCfg = Debug|Any CPU
		{83CFC727-E142-44CF-AB33-A04FF8A501BE}.Debug|iPhoneSimulator.Build.0 = Debug|Any CPU
		{83CFC727-E142-44CF-AB33-A04FF8A501BE}.Debug|iPhoneSimulator.Deploy.0 = Debug|Any CPU
		{83CFC727-E142-44CF-AB33-A04FF8A501BE}.Release|Any CPU.ActiveCfg = Release|Any CPU
		{83CFC727-E142-44CF-AB33-A04FF8A501BE}.Release|Any CPU.Build.0 = Release|Any CPU
		{83CFC727-E142-44CF-AB33-A04FF8A501BE}.Release|Any CPU.Deploy.0 = Release|Any CPU
		{83CFC727-E142-44CF-AB33-A04FF8A501BE}.Release|iPhone.ActiveCfg = Release|Any CPU
		{83CFC727-E142-44CF-AB33-A04FF8A501BE}.Release|iPhone.Build.0 = Release|Any CPU
		{83CFC727-E142-44CF-AB33-A04FF8A501BE}.Release|iPhone.Deploy.0 = Release|Any CPU
		{83CFC727-E142-44CF-AB33-A04FF8A501BE}.Release|iPhoneSimulator.ActiveCfg = Release|Any CPU
		{83CFC727-E142-44CF-AB33-A04FF8A501BE}.Release|iPhoneSimulator.Build.0 = Release|Any CPU
		{83CFC727-E142-44CF-AB33-A04FF8A501BE}.Release|iPhoneSimulator.Deploy.0 = Release|Any CPU
		{B6AAF00F-1C09-498B-AF29-E4CA1C251979}.Debug|Any CPU.ActiveCfg = Debug|Any CPU
		{B6AAF00F-1C09-498B-AF29-E4CA1C251979}.Debug|Any CPU.Build.0 = Debug|Any CPU
		{B6AAF00F-1C09-498B-AF29-E4CA1C251979}.Debug|iPhone.ActiveCfg = Debug|Any CPU
		{B6AAF00F-1C09-498B-AF29-E4CA1C251979}.Debug|iPhone.Build.0 = Debug|Any CPU
		{B6AAF00F-1C09-498B-AF29-E4CA1C251979}.Debug|iPhoneSimulator.ActiveCfg = Debug|Any CPU
		{B6AAF00F-1C09-498B-AF29-E4CA1C251979}.Debug|iPhoneSimulator.Build.0 = Debug|Any CPU
		{B6AAF00F-1C09-498B-AF29-E4CA1C251979}.Release|Any CPU.ActiveCfg = Release|Any CPU
		{B6AAF00F-1C09-498B-AF29-E4CA1C251979}.Release|Any CPU.Build.0 = Release|Any CPU
		{B6AAF00F-1C09-498B-AF29-E4CA1C251979}.Release|iPhone.ActiveCfg = Release|Any CPU
		{B6AAF00F-1C09-498B-AF29-E4CA1C251979}.Release|iPhone.Build.0 = Release|Any CPU
		{B6AAF00F-1C09-498B-AF29-E4CA1C251979}.Release|iPhoneSimulator.ActiveCfg = Release|Any CPU
		{B6AAF00F-1C09-498B-AF29-E4CA1C251979}.Release|iPhoneSimulator.Build.0 = Release|Any CPU
	EndGlobalSection
	GlobalSection(SolutionProperties) = preSolution
		HideSolutionNode = FALSE
	EndGlobalSection
	GlobalSection(ExtensibilityGlobals) = postSolution
		SolutionGuid = {85AADF50-E3FE-4337-A3FE-5E53FAC22B25}
	EndGlobalSection
EndGlobal
